# This file is automatically @generated by Cargo.
# It is not intended for manual editing.
version = 4

[[package]]
name = "poker_eden"
version = "0.1.0"

[[package]]
name = "poker_eden_client"
version = "0.1.0"

[[package]]
name = "poker_eden_core"
version = "0.1.0"

[[package]]
name = "poker_eden_server"
version = "0.1.0"
